# THIS IS AN AUTOGENERATED FILE. DO NOT EDIT THIS FILE DIRECTLY.
# yarn lockfile v1


"@azure/abort-controller@^2.0.0":
  version "2.1.2"
  resolved "https://registry.yarnpkg.com/@azure/abort-controller/-/abort-controller-2.1.2.tgz#42fe0ccab23841d9905812c58f1082d27784566d"
  integrity sha512-nBrLsEWm4J2u5LpAPjxADTlq3trDgVZZXHNKabeXZtpq3d3AbN/KGO82R87rdDz5/lYB024rtEf10/q0urNgsA==
  dependencies:
    tslib "^2.6.2"

"@azure/core-auth@^1.5.0":
  version "1.9.0"
  resolved "https://registry.yarnpkg.com/@azure/core-auth/-/core-auth-1.9.0.tgz#ac725b03fabe3c892371065ee9e2041bee0fd1ac"
  integrity sha512-FPwHpZywuyasDSLMqJ6fhbOK3TqUdviZNF8OqRGA4W5Ewib2lEEZ+pBsYcBa88B2NGO/SEnYPGhyBqNlE8ilSw==
  dependencies:
    "@azure/abort-controller" "^2.0.0"
    "@azure/core-util" "^1.11.0"
    tslib "^2.6.2"

"@azure/core-util@^1.11.0":
  version "1.11.0"
  resolved "https://registry.yarnpkg.com/@azure/core-util/-/core-util-1.11.0.tgz#f530fc67e738aea872fbdd1cc8416e70219fada7"
  integrity sha512-DxOSLua+NdpWoSqULhjDyAZTXFdP/LKkqtYuxxz1SCN289zk3OG8UOpnCQAz/tygyACBtWp/BoO72ptK7msY8g==
  dependencies:
    "@azure/abort-controller" "^2.0.0"
    tslib "^2.6.2"

"@microsoft/kiota-abstractions@^1.0.0-preview.77", "@microsoft/kiota-abstractions@^1.0.0-preview.78":
  version "1.0.0-preview.78"
  resolved "https://registry.yarnpkg.com/@microsoft/kiota-abstractions/-/kiota-abstractions-1.0.0-preview.78.tgz#14bdae690cdade47013b0d195672ec50c542616f"
  integrity sha512-xQDr3zG/i7rpwoqHLOD4zYfq4Aw39LcZoqOBN0B7m7L35v5dEPR6f7a6d0MJ4AehBqQokrIOpU/atFcG0waZTA==
  dependencies:
    "@opentelemetry/api" "^1.7.0"
    "@std-uritemplate/std-uritemplate" "^2.0.0"
    tinyduration "^3.3.0"
    tslib "^2.6.2"
    uuid "^11.0.2"

"@microsoft/kiota-authentication-azure@1.0.0-preview.77":
  version "1.0.0-preview.77"
  resolved "https://registry.yarnpkg.com/@microsoft/kiota-authentication-azure/-/kiota-authentication-azure-1.0.0-preview.77.tgz#553bb9e645a32ce7cbb73514ec3f0d9826060a16"
  integrity sha512-K63DttRxyysR2MJU3KqTheqWJq7NiX7ffnN5VgdgRMm4Nfpc35lZ0PwdscBuEZNMdQuU/Ghb5VdytsCllTJv3A==
  dependencies:
    "@azure/core-auth" "^1.5.0"
    "@microsoft/kiota-abstractions" "^1.0.0-preview.77"
    "@opentelemetry/api" "^1.7.0"
    tslib "^2.6.2"

"@microsoft/kiota-bundle@1.0.0-preview.77":
  version "1.0.0-preview.77"
  resolved "https://registry.yarnpkg.com/@microsoft/kiota-bundle/-/kiota-bundle-1.0.0-preview.77.tgz#f597292b7b53a8c2751842cdcb8592818c48192f"
  integrity sha512-Rn13y2r9gLcv/5l340+y5z6ERiMDdAPBHNNPuiTNWiI5aXZ3qjIBPHe+MbijZy44SzW0POL/yOsoWHPxH+tgcQ==
  dependencies:
    "@microsoft/kiota-abstractions" "^1.0.0-preview.77"
    "@microsoft/kiota-http-fetchlibrary" "^1.0.0-preview.77"
    "@microsoft/kiota-serialization-form" "^1.0.0-preview.77"
    "@microsoft/kiota-serialization-json" "^1.0.0-preview.77"
    "@microsoft/kiota-serialization-multipart" "^1.0.0-preview.77"
    "@microsoft/kiota-serialization-text" "^1.0.0-preview.77"

"@microsoft/kiota-http-fetchlibrary@^1.0.0-preview.77":
  version "1.0.0-preview.78"
  resolved "https://registry.yarnpkg.com/@microsoft/kiota-http-fetchlibrary/-/kiota-http-fetchlibrary-1.0.0-preview.78.tgz#a8ef8339cf5f7b554feea7cf3d9ad081b1b85be7"
  integrity sha512-eJwwWlwna0QiB3+g6GPmdoZRShWOJh49/Ngp+q+rFQX2t2vZ1nEyagcFi9A5tV4f/qhsmrbXxRp/lmqZNl8i6Q==
  dependencies:
    "@microsoft/kiota-abstractions" "^1.0.0-preview.78"
    "@opentelemetry/api" "^1.7.0"
    tslib "^2.6.2"

"@microsoft/kiota-serialization-form@^1.0.0-preview.77":
  version "1.0.0-preview.78"
  resolved "https://registry.yarnpkg.com/@microsoft/kiota-serialization-form/-/kiota-serialization-form-1.0.0-preview.78.tgz#7da11c1ec9b38f6d934ed267f2a627102329ce50"
  integrity sha512-MeHAexViBpl8x82ukA1ffBMlDEap3J1v5ZJMUD1K+GKGX8ifj4jlznlYcmbIQqWZRW8+yUrtqKjQNAsCpJL/gQ==
  dependencies:
    "@microsoft/kiota-abstractions" "^1.0.0-preview.78"
    tslib "^2.6.2"

"@microsoft/kiota-serialization-json@^1.0.0-preview.77":
  version "1.0.0-preview.78"
  resolved "https://registry.yarnpkg.com/@microsoft/kiota-serialization-json/-/kiota-serialization-json-1.0.0-preview.78.tgz#f6af1c354b1f3c18e44c74bd49bce5d2e2c49ced"
  integrity sha512-Hrk6DrrrcyDiTjxOxvS7J8SOVEUScyyBIPOtXpSPJAeoeUmoQ7UGyDu7NzLqPzVCIo+B2Ygxct3tdc5ZDoh4ng==
  dependencies:
    "@microsoft/kiota-abstractions" "^1.0.0-preview.78"
    tslib "^2.6.2"

"@microsoft/kiota-serialization-multipart@^1.0.0-preview.77":
  version "1.0.0-preview.78"
  resolved "https://registry.yarnpkg.com/@microsoft/kiota-serialization-multipart/-/kiota-serialization-multipart-1.0.0-preview.78.tgz#b66357e03a07d0c4dd83d9a847af4c7bcf5d0925"
  integrity sha512-CpVKtPesh2wgMSF1cJoBus+AZuaOoofaIb9YkkdPfm+L+PH/3cFCposQ+a/jgF9f4FCTe2SxxCgiP/gzh/aRdQ==
  dependencies:
    "@microsoft/kiota-abstractions" "^1.0.0-preview.78"
    tslib "^2.6.2"

"@microsoft/kiota-serialization-text@^1.0.0-preview.77":
  version "1.0.0-preview.78"
  resolved "https://registry.yarnpkg.com/@microsoft/kiota-serialization-text/-/kiota-serialization-text-1.0.0-preview.78.tgz#2c2b6e74cf4e143377079dcc62a8b07ce2ada279"
  integrity sha512-TlAF4YHwyn0CeGh1snLlB/9PeGl5+K/9OLko9S99QWIbeIlGJnU4hrJFfIBK7JIqLFZw1pPuYMVe3vh5xDlxCQ==
  dependencies:
    "@microsoft/kiota-abstractions" "^1.0.0-preview.78"
    tslib "^2.6.2"

"@opentelemetry/api@^1.7.0":
  version "1.9.0"
  resolved "https://registry.yarnpkg.com/@opentelemetry/api/-/api-1.9.0.tgz#d03eba68273dc0f7509e2a3d5cba21eae10379fe"
  integrity sha512-3giAOQvZiH5F9bMlMiv8+GSPMeqg0dbaeo58/0SlA9sxSqZhnUtxzX9/2FzyhS9sWQf5S0GJE0AKBrFqjpeYcg==

"@std-uritemplate/std-uritemplate@^2.0.0":
  version "2.0.1"
  resolved "https://registry.yarnpkg.com/@std-uritemplate/std-uritemplate/-/std-uritemplate-2.0.1.tgz#695434d4083525d4b9e643ff21a6a4a5384bb004"
  integrity sha512-HC5kiXCa7Mxrv7SI7qH4ECfC1H+vFG15COBtX8aUur8EGEWK17RH3QVyBxtyjUXE448O4fGhQHh3kirEvPGWjw==

"@types/node@^22.10.5":
  version "22.10.5"
  resolved "https://registry.yarnpkg.com/@types/node/-/node-22.10.5.tgz#95af89a3fb74a2bb41ef9927f206e6472026e48b"
  integrity sha512-F8Q+SeGimwOo86fiovQh8qiXfFEh2/ocYv7tU5pJ3EXMSSxk1Joj5wefpFK2fHTf/N6HKGSxIDBT9f3gCxXPkQ==
  dependencies:
    undici-types "~6.20.0"

tinyduration@^3.3.0:
  version "3.3.1"
  resolved "https://registry.yarnpkg.com/tinyduration/-/tinyduration-3.3.1.tgz#876710c4a314de63e2b81415106ed8860768ecfd"
  integrity sha512-39iO6CyHMFTPv9PKFxXPXa1DDc2JHog4oGK6x3fG75T+chRO+SKmuEPT00myYs3aGFIq3nQ6U5J5c5hR0PMKjw==

tslib@^2.6.2:
  version "2.8.1"
  resolved "https://registry.yarnpkg.com/tslib/-/tslib-2.8.1.tgz#612efe4ed235d567e8aba5f2a5fab70280ade83f"
  integrity sha512-oJFu94HQb+KVduSUQL7wnpmqnfmLsOA/nAh6b6EH0wCEoK0/mPeXU6c3wKDV83MkOuHPRHtSXKKU99IBazS/2w==

typescript@^5.7.2:
  version "5.7.2"
  resolved "https://registry.yarnpkg.com/typescript/-/typescript-5.7.2.tgz#3169cf8c4c8a828cde53ba9ecb3d2b1d5dd67be6"
  integrity sha512-i5t66RHxDvVN40HfDd1PsEThGNnlMCMT3jMUuoh9/0TaqWevNontacunWyN02LA9/fIbEWlcHZcgTKb9QoaLfg==

undici-types@~6.20.0:
  version "6.20.0"
  resolved "https://registry.yarnpkg.com/undici-types/-/undici-types-6.20.0.tgz#8171bf22c1f588d1554d55bf204bc624af388433"
  integrity sha512-Ny6QZ2Nju20vw1SRHe3d9jVu6gJ+4e3+MMpqu7pqE5HT6WsTSlce++GQmK5UXS8mzV8DSYHrQH+Xrf2jVcuKNg==

uuid@^11.0.2:
  version "11.0.4"
  resolved "https://registry.yarnpkg.com/uuid/-/uuid-11.0.4.tgz#37943977894ef806d2919a7ca3f89d6e23c60bac"
  integrity sha512-IzL6VtTTYcAhA/oghbFJ1Dkmqev+FpQWnCBaKq/gUluLxliWvO8DPFWfIviRmYbtaavtSQe4WBL++rFjdcGWEg==
